
Microsoft Visual Studio Solution File, Format Version 12.00
# Visual Studio Version 16
VisualStudioVersion = 16.0.31019.35
MinimumVisualStudioVersion = 10.0.40219.1
Project("{2150E333-8FDC-42A3-9474-1A3956D46DE8}") = "src", "src", "{E5BD8C78-A7B8-4A18-9F84-F4605EB9F41A}"
EndProject
Project("{2150E333-8FDC-42A3-9474-1A3956D46DE8}") = "test", "test", "{2513DB0A-1511-44B0-BB3F-84998561D5B1}"
EndProject
Project("{2150E333-8FDC-42A3-9474-1A3956D46DE8}") = "Core", "Core", "{12F526F4-598C-46B0-8E97-D466E22F09E7}"
EndProject
Project("{9A19103F-16F7-4668-BE54-9A1E7A4F7556}") = "Diary.Domain", "Diary.Domain\Diary.Domain.csproj", "{E298F79B-B6EF-422E-AFBF-70C5C1BD1165}"
EndProject
Project("{9A19103F-16F7-4668-BE54-9A1E7A4F7556}") = "Diary.Application", "Diary.Application\Diary.Application.csproj", "{F5BFCD70-91B5-41B2-A2F4-F2490089419A}"
EndProject
Project("{2150E333-8FDC-42A3-9474-1A3956D46DE8}") = "Infrastructure", "Infrastructure", "{DA0E5D81-7CA1-4E43-A082-EBD625B8E12A}"
EndProject
Project("{9A19103F-16F7-4668-BE54-9A1E7A4F7556}") = "Diary.Persistence", "Diary.Persistence\Diary.Persistence.csproj", "{D1288BDB-7635-460E-8BD6-C0D5FC6F8AB2}"
EndProject
Project("{2150E333-8FDC-42A3-9474-1A3956D46DE8}") = "API", "API", "{B5F4A8A5-CF64-4195-BE6C-D0F4555C400F}"
EndProject
Project("{9A19103F-16F7-4668-BE54-9A1E7A4F7556}") = "Diary.Api", "Diary.Api\Diary.Api.csproj", "{237ED433-EA45-4B12-B017-141B9C3F1FF1}"
EndProject
Project("{9A19103F-16F7-4668-BE54-9A1E7A4F7556}") = "Diary.Identity", "Diary.Identity\Diary.Identity.csproj", "{F37F80B3-C61A-4322-BF8B-2D3748D0AB67}"
EndProject
Project("{2150E333-8FDC-42A3-9474-1A3956D46DE8}") = "UI", "UI", "{F5438FB2-F105-4F37-8229-43101513CAD4}"
EndProject
Project("{E24C65DC-7377-472B-9ABA-BC803B73C61A}") = "Diary.App", "Diary.App\", "{5D82996E-5A4D-47A6-B2AD-21B3E5EBF7E7}"
	ProjectSection(WebsiteProperties) = preProject
		TargetFrameworkMoniker = ".NETFramework,Version%3Dv4.0"
		Debug.AspNetCompiler.VirtualPath = "/localhost_61021"
		Debug.AspNetCompiler.PhysicalPath = "Diary.App\"
		Debug.AspNetCompiler.TargetPath = "PrecompiledWeb\localhost_61021\"
		Debug.AspNetCompiler.Updateable = "true"
		Debug.AspNetCompiler.ForceOverwrite = "true"
		Debug.AspNetCompiler.FixedNames = "false"
		Debug.AspNetCompiler.Debug = "True"
		Release.AspNetCompiler.VirtualPath = "/localhost_61021"
		Release.AspNetCompiler.PhysicalPath = "Diary.App\"
		Release.AspNetCompiler.TargetPath = "PrecompiledWeb\localhost_61021\"
		Release.AspNetCompiler.Updateable = "true"
		Release.AspNetCompiler.ForceOverwrite = "true"
		Release.AspNetCompiler.FixedNames = "false"
		Release.AspNetCompiler.Debug = "False"
		VWDPort = "61021"
		SlnRelativePath = "Diary.App\"
	EndProjectSection
EndProject
Global
	GlobalSection(SolutionConfigurationPlatforms) = preSolution
		Debug|Any CPU = Debug|Any CPU
		Release|Any CPU = Release|Any CPU
	EndGlobalSection
	GlobalSection(ProjectConfigurationPlatforms) = postSolution
		{E298F79B-B6EF-422E-AFBF-70C5C1BD1165}.Debug|Any CPU.ActiveCfg = Debug|Any CPU
		{E298F79B-B6EF-422E-AFBF-70C5C1BD1165}.Debug|Any CPU.Build.0 = Debug|Any CPU
		{E298F79B-B6EF-422E-AFBF-70C5C1BD1165}.Release|Any CPU.ActiveCfg = Release|Any CPU
		{E298F79B-B6EF-422E-AFBF-70C5C1BD1165}.Release|Any CPU.Build.0 = Release|Any CPU
		{F5BFCD70-91B5-41B2-A2F4-F2490089419A}.Debug|Any CPU.ActiveCfg = Debug|Any CPU
		{F5BFCD70-91B5-41B2-A2F4-F2490089419A}.Debug|Any CPU.Build.0 = Debug|Any CPU
		{F5BFCD70-91B5-41B2-A2F4-F2490089419A}.Release|Any CPU.ActiveCfg = Release|Any CPU
		{F5BFCD70-91B5-41B2-A2F4-F2490089419A}.Release|Any CPU.Build.0 = Release|Any CPU
		{D1288BDB-7635-460E-8BD6-C0D5FC6F8AB2}.Debug|Any CPU.ActiveCfg = Debug|Any CPU
		{D1288BDB-7635-460E-8BD6-C0D5FC6F8AB2}.Debug|Any CPU.Build.0 = Debug|Any CPU
		{D1288BDB-7635-460E-8BD6-C0D5FC6F8AB2}.Release|Any CPU.ActiveCfg = Release|Any CPU
		{D1288BDB-7635-460E-8BD6-C0D5FC6F8AB2}.Release|Any CPU.Build.0 = Release|Any CPU
		{237ED433-EA45-4B12-B017-141B9C3F1FF1}.Debug|Any CPU.ActiveCfg = Debug|Any CPU
		{237ED433-EA45-4B12-B017-141B9C3F1FF1}.Debug|Any CPU.Build.0 = Debug|Any CPU
		{237ED433-EA45-4B12-B017-141B9C3F1FF1}.Release|Any CPU.ActiveCfg = Release|Any CPU
		{237ED433-EA45-4B12-B017-141B9C3F1FF1}.Release|Any CPU.Build.0 = Release|Any CPU
		{F37F80B3-C61A-4322-BF8B-2D3748D0AB67}.Debug|Any CPU.ActiveCfg = Debug|Any CPU
		{F37F80B3-C61A-4322-BF8B-2D3748D0AB67}.Debug|Any CPU.Build.0 = Debug|Any CPU
		{F37F80B3-C61A-4322-BF8B-2D3748D0AB67}.Release|Any CPU.ActiveCfg = Release|Any CPU
		{F37F80B3-C61A-4322-BF8B-2D3748D0AB67}.Release|Any CPU.Build.0 = Release|Any CPU
		{5D82996E-5A4D-47A6-B2AD-21B3E5EBF7E7}.Debug|Any CPU.ActiveCfg = Debug|Any CPU
		{5D82996E-5A4D-47A6-B2AD-21B3E5EBF7E7}.Debug|Any CPU.Build.0 = Debug|Any CPU
		{5D82996E-5A4D-47A6-B2AD-21B3E5EBF7E7}.Release|Any CPU.ActiveCfg = Debug|Any CPU
		{5D82996E-5A4D-47A6-B2AD-21B3E5EBF7E7}.Release|Any CPU.Build.0 = Debug|Any CPU
	EndGlobalSection
	GlobalSection(SolutionProperties) = preSolution
		HideSolutionNode = FALSE
	EndGlobalSection
	GlobalSection(NestedProjects) = preSolution
		{12F526F4-598C-46B0-8E97-D466E22F09E7} = {E5BD8C78-A7B8-4A18-9F84-F4605EB9F41A}
		{E298F79B-B6EF-422E-AFBF-70C5C1BD1165} = {12F526F4-598C-46B0-8E97-D466E22F09E7}
		{F5BFCD70-91B5-41B2-A2F4-F2490089419A} = {12F526F4-598C-46B0-8E97-D466E22F09E7}
		{DA0E5D81-7CA1-4E43-A082-EBD625B8E12A} = {E5BD8C78-A7B8-4A18-9F84-F4605EB9F41A}
		{D1288BDB-7635-460E-8BD6-C0D5FC6F8AB2} = {DA0E5D81-7CA1-4E43-A082-EBD625B8E12A}
		{B5F4A8A5-CF64-4195-BE6C-D0F4555C400F} = {E5BD8C78-A7B8-4A18-9F84-F4605EB9F41A}
		{237ED433-EA45-4B12-B017-141B9C3F1FF1} = {B5F4A8A5-CF64-4195-BE6C-D0F4555C400F}
		{F37F80B3-C61A-4322-BF8B-2D3748D0AB67} = {DA0E5D81-7CA1-4E43-A082-EBD625B8E12A}
		{F5438FB2-F105-4F37-8229-43101513CAD4} = {E5BD8C78-A7B8-4A18-9F84-F4605EB9F41A}
		{5D82996E-5A4D-47A6-B2AD-21B3E5EBF7E7} = {F5438FB2-F105-4F37-8229-43101513CAD4}
	EndGlobalSection
	GlobalSection(ExtensibilityGlobals) = postSolution
		SolutionGuid = {10791950-BABE-4C6A-BC59-CC1D2D1BE809}
	EndGlobalSection
EndGlobal
